
Microsoft Visual Studio Solution File, Format Version 12.00
# Visual Studio Version 17
VisualStudioVersion = 17.5.33516.290
MinimumVisualStudioVersion = 10.0.40219.1
Project("{8BC9CEB8-8B4A-11D0-8D11-00A0C91BC942}") = "p_04_10_if문_printf", "project_04_10\project_04_10.vcxproj", "{A91403EC-8449-4883-8A45-9837044197B3}"
EndProject
Project("{8BC9CEB8-8B4A-11D0-8D11-00A0C91BC942}") = "p_04_13_변수", "p_04_13\p_04_13.vcxproj", "{8EB9B717-8AEE-4F96-9334-C9F97AEC3A80}"
EndProject
Project("{8BC9CEB8-8B4A-11D0-8D11-00A0C91BC942}") = "A", "A\A.vcxproj", "{BC2252A7-8F60-461E-BDFB-6DA7EE6374DD}"
EndProject
Project("{8BC9CEB8-8B4A-11D0-8D11-00A0C91BC942}") = "p_04_14_반복문", "p_04_14\p_04_14.vcxproj", "{63682D39-6B91-445C-B1DD-23C7E82A8092}"
EndProject
Project("{8BC9CEB8-8B4A-11D0-8D11-00A0C91BC942}") = "p_04_17_배열", "p_04_17\p_04_17.vcxproj", "{2194302D-5616-4FE1-9B5B-96C547733142}"
EndProject
Project("{8BC9CEB8-8B4A-11D0-8D11-00A0C91BC942}") = "p_04_18_포인터와 함수", "p_04_18\p_04_18.vcxproj", "{AD911AC0-5DDD-499C-AD66-945AB1238E02}"
EndProject
Project("{8BC9CEB8-8B4A-11D0-8D11-00A0C91BC942}") = "p_04_19_배열과 포인터", "p_04_19\p_04_19.vcxproj", "{8D44027D-584C-4322-A77A-9FEEEF5EDF54}"
EndProject
Project("{8BC9CEB8-8B4A-11D0-8D11-00A0C91BC942}") = "p_04_20_다차원배열 포인터", "p_04-20\p_04-20.vcxproj", "{41C77798-E8CA-4034-97DA-33EE8E40F150}"
EndProject
Project("{8BC9CEB8-8B4A-11D0-8D11-00A0C91BC942}") = "p_04_21_구조체와 malloc", "p_04_21\p_04_21.vcxproj", "{1FA606C5-255F-4AB3-A24C-C978956E171A}"
EndProject
Project("{8BC9CEB8-8B4A-11D0-8D11-00A0C91BC942}") = "p_04_24_이중포인터와 공용체", "p_04_24\p_04_24.vcxproj", "{F1D86D39-A4AC-4093-8BBF-CB73C292FC12}"
EndProject
Project("{8BC9CEB8-8B4A-11D0-8D11-00A0C91BC942}") = "p_04_25_링크드리스트", "p_04_25\p_04_25.vcxproj", "{422077C5-0FF6-48BA-92C0-A0C78E5079E0}"
EndProject
Project("{8BC9CEB8-8B4A-11D0-8D11-00A0C91BC942}") = "p_04_25_asrock_가변배열", "p_04_25_asrock_가변배열\p_04_25_asrock_가변배열.vcxproj", "{D7619E54-E01C-4850-9E41-044A4730F495}"
EndProject
Project("{8BC9CEB8-8B4A-11D0-8D11-00A0C91BC942}") = "A-디버그용", "A-디버그용\A-디버그용.vcxproj", "{A1FC0E13-A4C6-43CF-9F63-CDBDF34010AF}"
EndProject
Project("{8BC9CEB8-8B4A-11D0-8D11-00A0C91BC942}") = "p_04_26_자료구조", "p_04_26\p_04_26.vcxproj", "{2E8B61D1-70F7-450E-87B5-55B2A2E69D8F}"
EndProject
Project("{8BC9CEB8-8B4A-11D0-8D11-00A0C91BC942}") = "p_04_27_트리", "p_04_27\p_04_27.vcxproj", "{53220D2C-1178-423F-9E5C-F3A817F1CA01}"
EndProject
Project("{8BC9CEB8-8B4A-11D0-8D11-00A0C91BC942}") = "p_04_28_비트와 전처리기", "p_04_28\p_04_28.vcxproj", "{6F573E37-DE68-4C5B-8270-A08CA5A4C8DE}"
EndProject
Project("{8BC9CEB8-8B4A-11D0-8D11-00A0C91BC942}") = "p_05_02", "p_05_02\p_05_02.vcxproj", "{D4A16FB5-8A81-4C11-A321-0834DADDE875}"
EndProject
Global
	GlobalSection(SolutionConfigurationPlatforms) = preSolution
		Debug|x64 = Debug|x64
		Debug|x86 = Debug|x86
		Release|x64 = Release|x64
		Release|x86 = Release|x86
	EndGlobalSection
	GlobalSection(ProjectConfigurationPlatforms) = postSolution
		{A91403EC-8449-4883-8A45-9837044197B3}.Debug|x64.ActiveCfg = Debug|x64
		{A91403EC-8449-4883-8A45-9837044197B3}.Debug|x64.Build.0 = Debug|x64
		{A91403EC-8449-4883-8A45-9837044197B3}.Debug|x86.ActiveCfg = Debug|Win32
		{A91403EC-8449-4883-8A45-9837044197B3}.Debug|x86.Build.0 = Debug|Win32
		{A91403EC-8449-4883-8A45-9837044197B3}.Release|x64.ActiveCfg = Release|x64
		{A91403EC-8449-4883-8A45-9837044197B3}.Release|x64.Build.0 = Release|x64
		{A91403EC-8449-4883-8A45-9837044197B3}.Release|x86.ActiveCfg = Release|Win32
		{A91403EC-8449-4883-8A45-9837044197B3}.Release|x86.Build.0 = Release|Win32
		{8EB9B717-8AEE-4F96-9334-C9F97AEC3A80}.Debug|x64.ActiveCfg = Debug|x64
		{8EB9B717-8AEE-4F96-9334-C9F97AEC3A80}.Debug|x64.Build.0 = Debug|x64
		{8EB9B717-8AEE-4F96-9334-C9F97AEC3A80}.Debug|x86.ActiveCfg = Debug|Win32
		{8EB9B717-8AEE-4F96-9334-C9F97AEC3A80}.Debug|x86.Build.0 = Debug|Win32
		{8EB9B717-8AEE-4F96-9334-C9F97AEC3A80}.Release|x64.ActiveCfg = Release|x64
		{8EB9B717-8AEE-4F96-9334-C9F97AEC3A80}.Release|x64.Build.0 = Release|x64
		{8EB9B717-8AEE-4F96-9334-C9F97AEC3A80}.Release|x86.ActiveCfg = Release|Win32
		{8EB9B717-8AEE-4F96-9334-C9F97AEC3A80}.Release|x86.Build.0 = Release|Win32
		{BC2252A7-8F60-461E-BDFB-6DA7EE6374DD}.Debug|x64.ActiveCfg = Debug|x64
		{BC2252A7-8F60-461E-BDFB-6DA7EE6374DD}.Debug|x64.Build.0 = Debug|x64
		{BC2252A7-8F60-461E-BDFB-6DA7EE6374DD}.Debug|x86.ActiveCfg = Debug|Win32
		{BC2252A7-8F60-461E-BDFB-6DA7EE6374DD}.Debug|x86.Build.0 = Debug|Win32
		{BC2252A7-8F60-461E-BDFB-6DA7EE6374DD}.Release|x64.ActiveCfg = Release|x64
		{BC2252A7-8F60-461E-BDFB-6DA7EE6374DD}.Release|x64.Build.0 = Release|x64
		{BC2252A7-8F60-461E-BDFB-6DA7EE6374DD}.Release|x86.ActiveCfg = Release|Win32
		{BC2252A7-8F60-461E-BDFB-6DA7EE6374DD}.Release|x86.Build.0 = Release|Win32
		{63682D39-6B91-445C-B1DD-23C7E82A8092}.Debug|x64.ActiveCfg = Debug|x64
		{63682D39-6B91-445C-B1DD-23C7E82A8092}.Debug|x64.Build.0 = Debug|x64
		{63682D39-6B91-445C-B1DD-23C7E82A8092}.Debug|x86.ActiveCfg = Debug|Win32
		{63682D39-6B91-445C-B1DD-23C7E82A8092}.Debug|x86.Build.0 = Debug|Win32
		{63682D39-6B91-445C-B1DD-23C7E82A8092}.Release|x64.ActiveCfg = Release|x64
		{63682D39-6B91-445C-B1DD-23C7E82A8092}.Release|x64.Build.0 = Release|x64
		{63682D39-6B91-445C-B1DD-23C7E82A8092}.Release|x86.ActiveCfg = Release|Win32
		{63682D39-6B91-445C-B1DD-23C7E82A8092}.Release|x86.Build.0 = Release|Win32
		{2194302D-5616-4FE1-9B5B-96C547733142}.Debug|x64.ActiveCfg = Debug|x64
		{2194302D-5616-4FE1-9B5B-96C547733142}.Debug|x64.Build.0 = Debug|x64
		{2194302D-5616-4FE1-9B5B-96C547733142}.Debug|x86.ActiveCfg = Debug|Win32
		{2194302D-5616-4FE1-9B5B-96C547733142}.Debug|x86.Build.0 = Debug|Win32
		{2194302D-5616-4FE1-9B5B-96C547733142}.Release|x64.ActiveCfg = Release|x64
		{2194302D-5616-4FE1-9B5B-96C547733142}.Release|x64.Build.0 = Release|x64
		{2194302D-5616-4FE1-9B5B-96C547733142}.Release|x86.ActiveCfg = Release|Win32
		{2194302D-5616-4FE1-9B5B-96C547733142}.Release|x86.Build.0 = Release|Win32
		{AD911AC0-5DDD-499C-AD66-945AB1238E02}.Debug|x64.ActiveCfg = Debug|x64
		{AD911AC0-5DDD-499C-AD66-945AB1238E02}.Debug|x64.Build.0 = Debug|x64
		{AD911AC0-5DDD-499C-AD66-945AB1238E02}.Debug|x86.ActiveCfg = Debug|Win32
		{AD911AC0-5DDD-499C-AD66-945AB1238E02}.Debug|x86.Build.0 = Debug|Win32
		{AD911AC0-5DDD-499C-AD66-945AB1238E02}.Release|x64.ActiveCfg = Release|x64
		{AD911AC0-5DDD-499C-AD66-945AB1238E02}.Release|x64.Build.0 = Release|x64
		{AD911AC0-5DDD-499C-AD66-945AB1238E02}.Release|x86.ActiveCfg = Release|Win32
		{AD911AC0-5DDD-499C-AD66-945AB1238E02}.Release|x86.Build.0 = Release|Win32
		{8D44027D-584C-4322-A77A-9FEEEF5EDF54}.Debug|x64.ActiveCfg = Debug|x64
		{8D44027D-584C-4322-A77A-9FEEEF5EDF54}.Debug|x64.Build.0 = Debug|x64
		{8D44027D-584C-4322-A77A-9FEEEF5EDF54}.Debug|x86.ActiveCfg = Debug|Win32
		{8D44027D-584C-4322-A77A-9FEEEF5EDF54}.Debug|x86.Build.0 = Debug|Win32
		{8D44027D-584C-4322-A77A-9FEEEF5EDF54}.Release|x64.ActiveCfg = Release|x64
		{8D44027D-584C-4322-A77A-9FEEEF5EDF54}.Release|x64.Build.0 = Release|x64
		{8D44027D-584C-4322-A77A-9FEEEF5EDF54}.Release|x86.ActiveCfg = Release|Win32
		{8D44027D-584C-4322-A77A-9FEEEF5EDF54}.Release|x86.Build.0 = Release|Win32
		{41C77798-E8CA-4034-97DA-33EE8E40F150}.Debug|x64.ActiveCfg = Debug|x64
		{41C77798-E8CA-4034-97DA-33EE8E40F150}.Debug|x64.Build.0 = Debug|x64
		{41C77798-E8CA-4034-97DA-33EE8E40F150}.Debug|x86.ActiveCfg = Debug|Win32
		{41C77798-E8CA-4034-97DA-33EE8E40F150}.Debug|x86.Build.0 = Debug|Win32
		{41C77798-E8CA-4034-97DA-33EE8E40F150}.Release|x64.ActiveCfg = Release|x64
		{41C77798-E8CA-4034-97DA-33EE8E40F150}.Release|x64.Build.0 = Release|x64
		{41C77798-E8CA-4034-97DA-33EE8E40F150}.Release|x86.ActiveCfg = Release|Win32
		{41C77798-E8CA-4034-97DA-33EE8E40F150}.Release|x86.Build.0 = Release|Win32
		{1FA606C5-255F-4AB3-A24C-C978956E171A}.Debug|x64.ActiveCfg = Debug|x64
		{1FA606C5-255F-4AB3-A24C-C978956E171A}.Debug|x64.Build.0 = Debug|x64
		{1FA606C5-255F-4AB3-A24C-C978956E171A}.Debug|x86.ActiveCfg = Debug|Win32
		{1FA606C5-255F-4AB3-A24C-C978956E171A}.Debug|x86.Build.0 = Debug|Win32
		{1FA606C5-255F-4AB3-A24C-C978956E171A}.Release|x64.ActiveCfg = Release|x64
		{1FA606C5-255F-4AB3-A24C-C978956E171A}.Release|x64.Build.0 = Release|x64
		{1FA606C5-255F-4AB3-A24C-C978956E171A}.Release|x86.ActiveCfg = Release|Win32
		{1FA606C5-255F-4AB3-A24C-C978956E171A}.Release|x86.Build.0 = Release|Win32
		{F1D86D39-A4AC-4093-8BBF-CB73C292FC12}.Debug|x64.ActiveCfg = Debug|x64
		{F1D86D39-A4AC-4093-8BBF-CB73C292FC12}.Debug|x64.Build.0 = Debug|x64
		{F1D86D39-A4AC-4093-8BBF-CB73C292FC12}.Debug|x86.ActiveCfg = Debug|Win32
		{F1D86D39-A4AC-4093-8BBF-CB73C292FC12}.Debug|x86.Build.0 = Debug|Win32
		{F1D86D39-A4AC-4093-8BBF-CB73C292FC12}.Release|x64.ActiveCfg = Release|x64
		{F1D86D39-A4AC-4093-8BBF-CB73C292FC12}.Release|x64.Build.0 = Release|x64
		{F1D86D39-A4AC-4093-8BBF-CB73C292FC12}.Release|x86.ActiveCfg = Release|Win32
		{F1D86D39-A4AC-4093-8BBF-CB73C292FC12}.Release|x86.Build.0 = Release|Win32
		{422077C5-0FF6-48BA-92C0-A0C78E5079E0}.Debug|x64.ActiveCfg = Debug|x64
		{422077C5-0FF6-48BA-92C0-A0C78E5079E0}.Debug|x64.Build.0 = Debug|x64
		{422077C5-0FF6-48BA-92C0-A0C78E5079E0}.Debug|x86.ActiveCfg = Debug|Win32
		{422077C5-0FF6-48BA-92C0-A0C78E5079E0}.Debug|x86.Build.0 = Debug|Win32
		{422077C5-0FF6-48BA-92C0-A0C78E5079E0}.Release|x64.ActiveCfg = Release|x64
		{422077C5-0FF6-48BA-92C0-A0C78E5079E0}.Release|x64.Build.0 = Release|x64
		{422077C5-0FF6-48BA-92C0-A0C78E5079E0}.Release|x86.ActiveCfg = Release|Win32
		{422077C5-0FF6-48BA-92C0-A0C78E5079E0}.Release|x86.Build.0 = Release|Win32
		{D7619E54-E01C-4850-9E41-044A4730F495}.Debug|x64.ActiveCfg = Debug|x64
		{D7619E54-E01C-4850-9E41-044A4730F495}.Debug|x64.Build.0 = Debug|x64
		{D7619E54-E01C-4850-9E41-044A4730F495}.Debug|x86.ActiveCfg = Debug|Win32
		{D7619E54-E01C-4850-9E41-044A4730F495}.Debug|x86.Build.0 = Debug|Win32
		{D7619E54-E01C-4850-9E41-044A4730F495}.Release|x64.ActiveCfg = Release|x64
		{D7619E54-E01C-4850-9E41-044A4730F495}.Release|x64.Build.0 = Release|x64
		{D7619E54-E01C-4850-9E41-044A4730F495}.Release|x86.ActiveCfg = Release|Win32
		{D7619E54-E01C-4850-9E41-044A4730F495}.Release|x86.Build.0 = Release|Win32
		{A1FC0E13-A4C6-43CF-9F63-CDBDF34010AF}.Debug|x64.ActiveCfg = Debug|x64
		{A1FC0E13-A4C6-43CF-9F63-CDBDF34010AF}.Debug|x64.Build.0 = Debug|x64
		{A1FC0E13-A4C6-43CF-9F63-CDBDF34010AF}.Debug|x86.ActiveCfg = Debug|Win32
		{A1FC0E13-A4C6-43CF-9F63-CDBDF34010AF}.Debug|x86.Build.0 = Debug|Win32
		{A1FC0E13-A4C6-43CF-9F63-CDBDF34010AF}.Release|x64.ActiveCfg = Release|x64
		{A1FC0E13-A4C6-43CF-9F63-CDBDF34010AF}.Release|x64.Build.0 = Release|x64
		{A1FC0E13-A4C6-43CF-9F63-CDBDF34010AF}.Release|x86.ActiveCfg = Release|Win32
		{A1FC0E13-A4C6-43CF-9F63-CDBDF34010AF}.Release|x86.Build.0 = Release|Win32
		{2E8B61D1-70F7-450E-87B5-55B2A2E69D8F}.Debug|x64.ActiveCfg = Debug|x64
		{2E8B61D1-70F7-450E-87B5-55B2A2E69D8F}.Debug|x64.Build.0 = Debug|x64
		{2E8B61D1-70F7-450E-87B5-55B2A2E69D8F}.Debug|x86.ActiveCfg = Debug|Win32
		{2E8B61D1-70F7-450E-87B5-55B2A2E69D8F}.Debug|x86.Build.0 = Debug|Win32
		{2E8B61D1-70F7-450E-87B5-55B2A2E69D8F}.Release|x64.ActiveCfg = Release|x64
		{2E8B61D1-70F7-450E-87B5-55B2A2E69D8F}.Release|x64.Build.0 = Release|x64
		{2E8B61D1-70F7-450E-87B5-55B2A2E69D8F}.Release|x86.ActiveCfg = Release|Win32
		{2E8B61D1-70F7-450E-87B5-55B2A2E69D8F}.Release|x86.Build.0 = Release|Win32
		{53220D2C-1178-423F-9E5C-F3A817F1CA01}.Debug|x64.ActiveCfg = Debug|x64
		{53220D2C-1178-423F-9E5C-F3A817F1CA01}.Debug|x64.Build.0 = Debug|x64
		{53220D2C-1178-423F-9E5C-F3A817F1CA01}.Debug|x86.ActiveCfg = Debug|Win32
		{53220D2C-1178-423F-9E5C-F3A817F1CA01}.Debug|x86.Build.0 = Debug|Win32
		{53220D2C-1178-423F-9E5C-F3A817F1CA01}.Release|x64.ActiveCfg = Release|x64
		{53220D2C-1178-423F-9E5C-F3A817F1CA01}.Release|x64.Build.0 = Release|x64
		{53220D2C-1178-423F-9E5C-F3A817F1CA01}.Release|x86.ActiveCfg = Release|Win32
		{53220D2C-1178-423F-9E5C-F3A817F1CA01}.Release|x86.Build.0 = Release|Win32
		{6F573E37-DE68-4C5B-8270-A08CA5A4C8DE}.Debug|x64.ActiveCfg = Debug|x64
		{6F573E37-DE68-4C5B-8270-A08CA5A4C8DE}.Debug|x64.Build.0 = Debug|x64
		{6F573E37-DE68-4C5B-8270-A08CA5A4C8DE}.Debug|x86.ActiveCfg = Debug|Win32
		{6F573E37-DE68-4C5B-8270-A08CA5A4C8DE}.Debug|x86.Build.0 = Debug|Win32
		{6F573E37-DE68-4C5B-8270-A08CA5A4C8DE}.Release|x64.ActiveCfg = Release|x64
		{6F573E37-DE68-4C5B-8270-A08CA5A4C8DE}.Release|x64.Build.0 = Release|x64
		{6F573E37-DE68-4C5B-8270-A08CA5A4C8DE}.Release|x86.ActiveCfg = Release|Win32
		{6F573E37-DE68-4C5B-8270-A08CA5A4C8DE}.Release|x86.Build.0 = Release|Win32
		{D4A16FB5-8A81-4C11-A321-0834DADDE875}.Debug|x64.ActiveCfg = Debug|x64
		{D4A16FB5-8A81-4C11-A321-0834DADDE875}.Debug|x64.Build.0 = Debug|x64
		{D4A16FB5-8A81-4C11-A321-0834DADDE875}.Debug|x86.ActiveCfg = Debug|Win32
		{D4A16FB5-8A81-4C11-A321-0834DADDE875}.Debug|x86.Build.0 = Debug|Win32
		{D4A16FB5-8A81-4C11-A321-0834DADDE875}.Release|x64.ActiveCfg = Release|x64
		{D4A16FB5-8A81-4C11-A321-0834DADDE875}.Release|x64.Build.0 = Release|x64
		{D4A16FB5-8A81-4C11-A321-0834DADDE875}.Release|x86.ActiveCfg = Release|Win32
		{D4A16FB5-8A81-4C11-A321-0834DADDE875}.Release|x86.Build.0 = Release|Win32
	EndGlobalSection
	GlobalSection(SolutionProperties) = preSolution
		HideSolutionNode = FALSE
	EndGlobalSection
	GlobalSection(ExtensibilityGlobals) = postSolution
		SolutionGuid = {E951ED32-8531-4C31-821E-78CB79853451}
	EndGlobalSection
EndGlobal
